
Microsoft Visual Studio Solution File, Format Version 12.00
# Visual Studio Version 16
VisualStudioVersion = 16.0.31129.286
MinimumVisualStudioVersion = 10.0.40219.1
Project("{9A19103F-16F7-4668-BE54-9A1E7A4F7556}") = "DataAccessLibrary", "DataAccessLibrary\DataAccessLibrary.csproj", "{50CC9F31-FCA4-4E7B-9DE9-359F04EFC6B3}"
EndProject
Project("{FAE04EC0-301F-11D3-BF4B-00C04F79EFBC}") = "TestDemoSQRS", "TestDemoSQRS\TestDemoSQRS.csproj", "{2C8366AA-2A70-47BE-BE5C-EF0DB17258DD}"
EndProject
Global
	GlobalSection(SolutionConfigurationPlatforms) = preSolution
		Debug|Any CPU = Debug|Any CPU
		Release|Any CPU = Release|Any CPU
	EndGlobalSection
	GlobalSection(ProjectConfigurationPlatforms) = postSolution
		{50CC9F31-FCA4-4E7B-9DE9-359F04EFC6B3}.Debug|Any CPU.ActiveCfg = Debug|Any CPU
		{50CC9F31-FCA4-4E7B-9DE9-359F04EFC6B3}.Debug|Any CPU.Build.0 = Debug|Any CPU
		{50CC9F31-FCA4-4E7B-9DE9-359F04EFC6B3}.Release|Any CPU.ActiveCfg = Release|Any CPU
		{50CC9F31-FCA4-4E7B-9DE9-359F04EFC6B3}.Release|Any CPU.Build.0 = Release|Any CPU
		{2C8366AA-2A70-47BE-BE5C-EF0DB17258DD}.Debug|Any CPU.ActiveCfg = Debug|Any CPU
		{2C8366AA-2A70-47BE-BE5C-EF0DB17258DD}.Debug|Any CPU.Build.0 = Debug|Any CPU
		{2C8366AA-2A70-47BE-BE5C-EF0DB17258DD}.Release|Any CPU.ActiveCfg = Release|Any CPU
		{2C8366AA-2A70-47BE-BE5C-EF0DB17258DD}.Release|Any CPU.Build.0 = Release|Any CPU
	EndGlobalSection
	GlobalSection(SolutionProperties) = preSolution
		HideSolutionNode = FALSE
	EndGlobalSection
	GlobalSection(ExtensibilityGlobals) = postSolution
		SolutionGuid = {72285223-E041-4A11-8A20-7D21B4FA56E3}
	EndGlobalSection
EndGlobal
